
Microsoft Visual Studio Solution File, Format Version 12.00
# Visual Studio Version 17
VisualStudioVersion = 17.5.002.0
MinimumVisualStudioVersion = 10.0.40219.1
Project("{9A19103F-16F7-4668-BE54-9A1E7A4F7556}") = "az204svcbus", "az204svcbus.csproj", "{BEE13E4C-06BD-42ED-8D70-0C27A06E3B41}"
EndProject
Global
	GlobalSection(SolutionConfigurationPlatforms) = preSolution
		Debug|Any CPU = Debug|Any CPU
		Release|Any CPU = Release|Any CPU
	EndGlobalSection
	GlobalSection(ProjectConfigurationPlatforms) = postSolution
		{BEE13E4C-06BD-42ED-8D70-0C27A06E3B41}.Debug|Any CPU.ActiveCfg = Debug|Any CPU
		{BEE13E4C-06BD-42ED-8D70-0C27A06E3B41}.Debug|Any CPU.Build.0 = Debug|Any CPU
		{BEE13E4C-06BD-42ED-8D70-0C27A06E3B41}.Release|Any CPU.ActiveCfg = Release|Any CPU
		{BEE13E4C-06BD-42ED-8D70-0C27A06E3B41}.Release|Any CPU.Build.0 = Release|Any CPU
	EndGlobalSection
	GlobalSection(SolutionProperties) = preSolution
		HideSolutionNode = FALSE
	EndGlobalSection
	GlobalSection(ExtensibilityGlobals) = postSolution
		SolutionGuid = {CCE82647-6B45-4336-A26B-E2383186D446}
	EndGlobalSection
EndGlobal
